
Microsoft Visual Studio Solution File, Format Version 12.00
# Visual Studio 15
VisualStudioVersion = 15.0.28307.1259
MinimumVisualStudioVersion = 10.0.40219.1
Project("{8BC9CEB8-8B4A-11D0-8D11-00A0C91BC942}") = "HW", "HW\HW.vcxproj", "{FF3CCA6B-AE32-4783-A7EA-31E200B90733}"
EndProject
Global
	GlobalSection(SolutionConfigurationPlatforms) = preSolution
		Debug|x64 = Debug|x64
		Debug|x86 = Debug|x86
		Release|x64 = Release|x64
		Release|x86 = Release|x86
	EndGlobalSection
	GlobalSection(ProjectConfigurationPlatforms) = postSolution
		{FF3CCA6B-AE32-4783-A7EA-31E200B90733}.Debug|x64.ActiveCfg = Debug|x64
		{FF3CCA6B-AE32-4783-A7EA-31E200B90733}.Debug|x64.Build.0 = Debug|x64
		{FF3CCA6B-AE32-4783-A7EA-31E200B90733}.Debug|x86.ActiveCfg = Debug|Win32
		{FF3CCA6B-AE32-4783-A7EA-31E200B90733}.Debug|x86.Build.0 = Debug|Win32
		{FF3CCA6B-AE32-4783-A7EA-31E200B90733}.Release|x64.ActiveCfg = Release|x64
		{FF3CCA6B-AE32-4783-A7EA-31E200B90733}.Release|x64.Build.0 = Release|x64
		{FF3CCA6B-AE32-4783-A7EA-31E200B90733}.Release|x86.ActiveCfg = Release|Win32
		{FF3CCA6B-AE32-4783-A7EA-31E200B90733}.Release|x86.Build.0 = Release|Win32
	EndGlobalSection
	GlobalSection(SolutionProperties) = preSolution
		HideSolutionNode = FALSE
	EndGlobalSection
	GlobalSection(ExtensibilityGlobals) = postSolution
		SolutionGuid = {F325C8D6-46DD-489E-821D-45797E2857A4}
	EndGlobalSection
EndGlobal
